
Microsoft Visual Studio Solution File, Format Version 12.00
# Visual Studio Version 17
VisualStudioVersion = 17.11.35222.181
MinimumVisualStudioVersion = 10.0.40219.1
Project("{FAE04EC0-301F-11D3-BF4B-00C04F79EFBC}") = "URI1002", "URI1002\URI1002.csproj", "{46E63ADD-4BDE-4849-87B1-EC8CE6CA9B01}"
EndProject
Global
	GlobalSection(SolutionConfigurationPlatforms) = preSolution
		Debug|Any CPU = Debug|Any CPU
		Release|Any CPU = Release|Any CPU
	EndGlobalSection
	GlobalSection(ProjectConfigurationPlatforms) = postSolution
		{46E63ADD-4BDE-4849-87B1-EC8CE6CA9B01}.Debug|Any CPU.ActiveCfg = Debug|Any CPU
		{46E63ADD-4BDE-4849-87B1-EC8CE6CA9B01}.Debug|Any CPU.Build.0 = Debug|Any CPU
		{46E63ADD-4BDE-4849-87B1-EC8CE6CA9B01}.Release|Any CPU.ActiveCfg = Release|Any CPU
		{46E63ADD-4BDE-4849-87B1-EC8CE6CA9B01}.Release|Any CPU.Build.0 = Release|Any CPU
	EndGlobalSection
	GlobalSection(SolutionProperties) = preSolution
		HideSolutionNode = FALSE
	EndGlobalSection
	GlobalSection(ExtensibilityGlobals) = postSolution
		SolutionGuid = {B0CCF713-09F7-4AD0-9872-78BFB480BC23}
	EndGlobalSection
EndGlobal
