
Microsoft Visual Studio Solution File, Format Version 12.00
# Visual Studio Version 17
VisualStudioVersion = 17.11.35222.181
MinimumVisualStudioVersion = 10.0.40219.1
Project("{FAE04EC0-301F-11D3-BF4B-00C04F79EFBC}") = "URI1020", "URI1020\URI1020.csproj", "{9DEE6D62-AB7C-4181-BF9D-784273B6F1BC}"
EndProject
Global
	GlobalSection(SolutionConfigurationPlatforms) = preSolution
		Debug|Any CPU = Debug|Any CPU
		Release|Any CPU = Release|Any CPU
	EndGlobalSection
	GlobalSection(ProjectConfigurationPlatforms) = postSolution
		{9DEE6D62-AB7C-4181-BF9D-784273B6F1BC}.Debug|Any CPU.ActiveCfg = Debug|Any CPU
		{9DEE6D62-AB7C-4181-BF9D-784273B6F1BC}.Debug|Any CPU.Build.0 = Debug|Any CPU
		{9DEE6D62-AB7C-4181-BF9D-784273B6F1BC}.Release|Any CPU.ActiveCfg = Release|Any CPU
		{9DEE6D62-AB7C-4181-BF9D-784273B6F1BC}.Release|Any CPU.Build.0 = Release|Any CPU
	EndGlobalSection
	GlobalSection(SolutionProperties) = preSolution
		HideSolutionNode = FALSE
	EndGlobalSection
	GlobalSection(ExtensibilityGlobals) = postSolution
		SolutionGuid = {82F74B24-99C1-4748-8A6E-CA6B33848892}
	EndGlobalSection
EndGlobal
