
Microsoft Visual Studio Solution File, Format Version 12.00
# Visual Studio Version 17
VisualStudioVersion = 17.11.35222.181
MinimumVisualStudioVersion = 10.0.40219.1
Project("{FAE04EC0-301F-11D3-BF4B-00C04F79EFBC}") = "URI1001", "URI1001\URI1001.csproj", "{DA0A6592-0F5D-425D-A1A6-24EA17F164A0}"
EndProject
Global
	GlobalSection(SolutionConfigurationPlatforms) = preSolution
		Debug|Any CPU = Debug|Any CPU
		Release|Any CPU = Release|Any CPU
	EndGlobalSection
	GlobalSection(ProjectConfigurationPlatforms) = postSolution
		{DA0A6592-0F5D-425D-A1A6-24EA17F164A0}.Debug|Any CPU.ActiveCfg = Debug|Any CPU
		{DA0A6592-0F5D-425D-A1A6-24EA17F164A0}.Debug|Any CPU.Build.0 = Debug|Any CPU
		{DA0A6592-0F5D-425D-A1A6-24EA17F164A0}.Release|Any CPU.ActiveCfg = Release|Any CPU
		{DA0A6592-0F5D-425D-A1A6-24EA17F164A0}.Release|Any CPU.Build.0 = Release|Any CPU
	EndGlobalSection
	GlobalSection(SolutionProperties) = preSolution
		HideSolutionNode = FALSE
	EndGlobalSection
	GlobalSection(ExtensibilityGlobals) = postSolution
		SolutionGuid = {01FD3F20-18AD-4A27-842F-0E61B9CC226D}
	EndGlobalSection
EndGlobal
